// !$*UTF8*$!
{
	archiveVersion = 1;
	classes = {
	};
	objectVersion = 46;
	objects = {

/* Begin PBXBuildFile section */
		FA2466011C0D46A70071C9BB /* AppDelegate.swift in Sources */ = {isa = PBXBuildFile; fileRef = FA2466001C0D46A70071C9BB /* AppDelegate.swift */; };
		FA2466031C0D46A70071C9BB /* ViewController.swift in Sources */ = {isa = PBXBuildFile; fileRef = FA2466021C0D46A70071C9BB /* ViewController.swift */; };
		FA2466061C0D46A70071C9BB /* Main.storyboard in Resources */ = {isa = PBXBuildFile; fileRef = FA2466041C0D46A70071C9BB /* Main.storyboard */; };
		FA24660B1C0D46A70071C9BB /* LaunchScreen.storyboard in Resources */ = {isa = PBXBuildFile; fileRef = FA2466091C0D46A70071C9BB /* LaunchScreen.storyboard */; };
		FAE35C181C1645ED004DD65F /* Assets.xcassets in Resources */ = {isa = PBXBuildFile; fileRef = FAE35C171C1645ED004DD65F /* Assets.xcassets */; };
		FAE7BD9D1C0F9871009120D3 /* SettingsViewController.swift in Sources */ = {isa = PBXBuildFile; fileRef = FAE7BD9C1C0F9871009120D3 /* SettingsViewController.swift */; };
/* End PBXBuildFile section */

/* Begin PBXFileReference section */
		FA2465FD1C0D46A70071C9BB /* Tipper.app */ = {isa = PBXFileReference; explicitFileType = wrapper.application; includeInIndex = 0; path = Tipper.app; sourceTree = BUILT_PRODUCTS_DIR; };
		FA2466001C0D46A70071C9BB /* AppDelegate.swift */ = {isa = PBXFileReference; lastKnownFileType = sourcecode.swift; path = AppDelegate.swift; sourceTree = "<group>"; };
		FA2466021C0D46A70071C9BB /* ViewController.swift */ = {isa = PBXFileReference; lastKnownFileType = sourcecode.swift; path = ViewController.swift; sourceTree = "<group>"; };
		FA2466051C0D46A70071C9BB /* Base */ = {isa = PBXFileReference; lastKnownFileType = file.storyboard; name = Base; path = Base.lproj/Main.storyboard; sourceTree = "<group>"; };
		FA24660A1C0D46A70071C9BB /* Base */ = {isa = PBXFileReference; lastKnownFileType = file.storyboard; name = Base; path = Base.lproj/LaunchScreen.storyboard; sourceTree = "<group>"; };
		FA24660C1C0D46A70071C9BB /* Info.plist */ = {isa = PBXFileReference; lastKnownFileType = text.plist.xml; path = Info.plist; sourceTree = "<group>"; };
		FAE35C171C1645ED004DD65F /* Assets.xcassets */ = {isa = PBXFileReference; lastKnownFileType = folder.assetcatalog; path = Assets.xcassets; sourceTree = "<group>"; };
		FAE7BD9C1C0F9871009120D3 /* SettingsViewController.swift */ = {isa = PBXFileReference; fileEncoding = 4; lastKnownFileType = sourcecode.swift; path = SettingsViewController.swift; sourceTree = "<group>"; };
/* End PBXFileReference section */

/* Begin PBXFrameworksBuildPhase section */
		FA2465FA1C0D46A70071C9BB /* Frameworks */ = {
			isa = PBXFrameworksBuildPhase;
			buildActionMask = 2147483647;
			files = (
			);
			runOnlyForDeploymentPostprocessing = 0;
		};
/* End PBXFrameworksBuildPhase section */

/* Begin PBXGroup section */
		FA2465F41C0D46A70071C9BB = {
			isa = PBXGroup;
			children = (
				FA2465FF1C0D46A70071C9BB /* Tipper */,
				FA2465FE1C0D46A70071C9BB /* Products */,
			);
			sourceTree = "<group>";
		};
		FA2465FE1C0D46A70071C9BB /* Products */ = {
			isa = PBXGroup;
			children = (
				FA2465FD1C0D46A70071C9BB /* Tipper.app */,
			);
			name = Products;
			sourceTree = "<group>";
		};
		FA2465FF1C0D46A70071C9BB /* Tipper */ = {
			isa = PBXGroup;
			children = (
				FA2466001C0D46A70071C9BB /* AppDelegate.swift */,
				FA2466021C0D46A70071C9BB /* ViewController.swift */,
				FAE7BD9C1C0F9871009120D3 /* SettingsViewController.swift */,
				FA2466041C0D46A70071C9BB /* Main.storyboard */,
				FA2466091C0D46A70071C9BB /* LaunchScreen.storyboard */,
				FAE35C171C1645ED004DD65F /* Assets.xcassets */,
				FA24660C1C0D46A70071C9BB /* Info.plist */,
			);
			path = Tipper;
			sourceTree = "<group>";
		};
/* End PBXGroup section */

/* Begin PBXNativeTarget section */
		FA2465FC1C0D46A70071C9BB /* Tipper */ = {
			isa = PBXNativeTarget;
			buildConfigurationList = FA24660F1C0D46A70071C9BB /* Build configuration list for PBXNativeTarget "Tipper" */;
			buildPhases = (
				FA2465F91C0D46A70071C9BB /* Sources */,
				FA2465FA1C0D46A70071C9BB /* Frameworks */,
				FA2465FB1C0D46A70071C9BB /* Resources */,
			);
			buildRules = (
			);
			dependencies = (
			);
			name = Tipper;
			productName = Tipper;
			productReference = FA2465FD1C0D46A70071C9BB /* Tipper.app */;
			productType = "com.apple.product-type.application";
		};
/* End PBXNativeTarget section */

/* Begin PBXProject section */
		FA2465F51C0D46A70071C9BB /* Project object */ = {
			isa = PBXProject;
			attributes = {
				LastSwiftUpdateCheck = 0710;
				LastUpgradeCheck = 0710;
				ORGANIZATIONNAME = "Kevin Kim";
				TargetAttributes = {
					FA2465FC1C0D46A70071C9BB = {
						CreatedOnToolsVersion = 7.1.1;
						DevelopmentTeam = 56UR3984Y4;
					};
				};
			};
			buildConfigurationList = FA2465F81C0D46A70071C9BB /* Build configuration list for PBXProject "Tipper" */;
			compatibilityVersion = "Xcode 3.2";
			developmentRegion = English;
			hasScannedForEncodings = 0;
			knownRegions = (
				en,
				Base,
			);
			mainGroup = FA2465F41C0D46A70071C9BB;
			productRefGroup = FA2465FE1C0D46A70071C9BB /* Products */;
			projectDirPath = "";
			projectRoot = "";
			targets = (
				FA2465FC1C0D46A70071C9BB /* Tipper */,
			);
		};
/* End PBXProject section */

/* Begin PBXResourcesBuildPhase section */
		FA2465FB1C0D46A70071C9BB /* Resources */ = {
			isa = PBXResourcesBuildPhase;
			buildActionMask = 2147483647;
			files = (
				FA24660B1C0D46A70071C9BB /* LaunchScreen.storyboard in Resources */,
				FAE35C181C1645ED004DD65F /* Assets.xcassets in Resources */,
				FA2466061C0D46A70071C9BB /* Main.storyboard in Resources */,
			);
			runOnlyForDeploymentPostprocessing = 0;
		};
/* End PBXResourcesBuildPhase section */

/* Begin PBXSourcesBuildPhase section */
		FA2465F91C0D46A70071C9BB /* Sources */ = {
			isa = PBXSourcesBuildPhase;
			buildActionMask = 2147483647;
			files = (
				FA2466031C0D46A70071C9BB /* ViewController.swift in Sources */,
				FA2466011C0D46A70071C9BB /* AppDelegate.swift in Sources */,
				FAE7BD9D1C0F9871009120D3 /* SettingsViewController.swift in Sources */,
			);
			runOnlyForDeploymentPostprocessing = 0;
		};
/* End PBXSourcesBuildPhase section */

/* Begin PBXVariantGroup section */
		FA2466041C0D46A70071C9BB /* Main.storyboard */ = {
			isa = PBXVariantGroup;
			children = (
				FA2466051C0D46A70071C9BB /* Base */,
			);
			name = Main.storyboard;
			sourceTree = "<group>";
		};
		FA2466091C0D46A70071C9BB /* LaunchScreen.storyboard */ = {
			isa = PBXVariantGroup;
			children = (
				FA24660A1C0D46A70071C9BB /* Base */,
			);
			name = LaunchScreen.storyboard;
			sourceTree = "<group>";
		};
/* End PBXVariantGroup section */

/* Begin XCBuildConfiguration section */
		FA24660D1C0D46A70071C9BB /* Debug */ = {
			isa = XCBuildConfiguration;
			buildSettings = {
				ALWAYS_SEARCH_USER_PATHS = NO;
				CLANG_CXX_LANGUAGE_STANDARD = "gnu++0x";
				CLANG_CXX_LIBRARY = "libc++";
				CLANG_ENABLE_MODULES = YES;
				CLANG_ENABLE_OBJC_ARC = YES;
				CLANG_WARN_BOOL_CONVERSION = YES;
				CLANG_WARN_CONSTANT_CONVERSION = YES;
				CLANG_WARN_DIRECT_OBJC_ISA_USAGE = YES_ERROR;
				CLANG_WARN_EMPTY_BODY = YES;
				CLANG_WARN_ENUM_CONVERSION = YES;
				CLANG_WARN_INT_CONVERSION = YES;
				CLANG_WARN_OBJC_ROOT_CLASS = YES_ERROR;
				CLANG_WARN_UNREACHABLE_CODE = YES;
				CLANG_WARN__DUPLICATE_METHOD_MATCH = YES;
				"CODE_SIGN_IDENTITY[sdk=iphoneos*]" = "iPhone Developer";
				COPY_PHASE_STRIP = NO;
				DEBUG_INFORMATION_FORMAT = dwarf;
				ENABLE_STRICT_OBJC_MSGSEND = YES;
				ENABLE_TESTABILITY = YES;
				GCC_C_LANGUAGE_STANDARD = gnu99;
				GCC_DYNAMIC_NO_PIC = NO;
				GCC_NO_COMMON_BLOCKS = YES;
				GCC_OPTIMIZATION_LEVEL = 0;
				GCC_PREPROCESSOR_DEFINITIONS = (
					"DEBUG=1",
					"$(inherited)",
				);
				GCC_WARN_64_TO_32_BIT_CONVERSION = YES;
				GCC_WARN_ABOUT_RETURN_TYPE = YES_ERROR;
				GCC_WARN_UNDECLARED_SELECTOR = YES;
				GCC_WARN_UNINITIALIZED_AUTOS = YES_AGGRESSIVE;
				GCC_WARN_UNUSED_FUNCTION = YES;
				GCC_WARN_UNUSED_VARIABLE = YES;
				IPHONEOS_DEPLOYMENT_TARGET = 9.1;
				MTL_ENABLE_DEBUG_INFO = YES;
				ONLY_ACTIVE_ARCH = YES;
				SDKROOT = iphoneos;
				SWIFT_OPTIMIZATION_LEVEL = "-Onone";
			};
			name = Debug;
		};
		FA24660E1C0D46A70071C9BB /* Release */ = {
			isa = XCBuildConfiguration;
			buildSettings = {
				ALWAYS_SEARCH_USER_PATHS = NO;
				CLANG_CXX_LANGUAGE_STANDARD = "gnu++0x";
				CLANG_CXX_LIBRARY = "libc++";
				CLANG_ENABLE_MODULES = YES;
				CLANG_ENABLE_OBJC_ARC = YES;
				CLANG_WARN_BOOL_CONVERSION = YES;
				CLANG_WARN_CONSTANT_CONVERSION = YES;
				CLANG_WARN_DIRECT_OBJC_ISA_USAGE = YES_ERROR;
				CLANG_WARN_EMPTY_BODY = YES;
				CLANG_WARN_ENUM_CONVERSION = YES;
				CLANG_WARN_INT_CONVERSION = YES;
				CLANG_WARN_OBJC_ROOT_CLASS = YES_ERROR;
				CLANG_WARN_UNREACHABLE_CODE = YES;
				CLANG_WARN__DUPLICATE_METHOD_MATCH = YES;
				"CODE_SIGN_IDENTITY[sdk=iphoneos*]" = "iPhone Developer";
				COPY_PHASE_STRIP = NO;
				DEBUG_INFORMATION_FORMAT = "dwarf-with-dsym";
				ENABLE_NS_ASSERTIONS = NO;
				ENABLE_STRICT_OBJC_MSGSEND = YES;
				GCC_C_LANGUAGE_STANDARD = gnu99;
				GCC_NO_COMMON_BLOCKS = YES;
				GCC_WARN_64_TO_32_BIT_CONVERSION = YES;
				GCC_WARN_ABOUT_RETURN_TYPE = YES_ERROR;
				GCC_WARN_UNDECLARED_SELECTOR = YES;
				GCC_WARN_UNINITIALIZED_AUTOS = YES_AGGRESSIVE;
				GCC_WARN_UNUSED_FUNCTION = YES;
				GCC_WARN_UNUSED_VARIABLE = YES;
				IPHONEOS_DEPLOYMENT_TARGET = 9.1;
				MTL_ENABLE_DEBUG_INFO = NO;
				SDKROOT = iphoneos;
				VALIDATE_PRODUCT = YES;
			};
			name = Release;
		};
		FA2466101C0D46A70071C9BB /* Debug */ = {
			isa = XCBuildConfiguration;
			buildSettings = {
				ASSETCATALOG_COMPILER_APPICON_NAME = AppIcon;
				INFOPLIST_FILE = Tipper/Info.plist;
				LD_RUNPATH_SEARCH_PATHS = "$(inherited) @executable_path/Frameworks";
				PRODUCT_BUNDLE_IDENTIFIER = com.kevinjkim.Tipper;
				PRODUCT_NAME = "$(TARGET_NAME)";
			};
			name = Debug;
		};
		FA2466111C0D46A70071C9BB /* Release */ = {
			isa = XCBuildConfiguration;
			buildSettings = {
				ASSETCATALOG_COMPILER_APPICON_NAME = AppIcon;
				INFOPLIST_FILE = Tipper/Info.plist;
				LD_RUNPATH_SEARCH_PATHS = "$(inherited) @executable_path/Frameworks";
				PRODUCT_BUNDLE_IDENTIFIER = com.kevinjkim.Tipper;
				PRODUCT_NAME = "$(TARGET_NAME)";
			};
			name = Release;
		};
/* End XCBuildConfiguration section */

/* Begin XCConfigurationList section */
		FA2465F81C0D46A70071C9BB /* Build configuration list for PBXProject "Tipper" */ = {
			isa = XCConfigurationList;
			buildConfigurations = (
				FA24660D1C0D46A70071C9BB /* Debug */,
				FA24660E1C0D46A70071C9BB /* Release */,
			);
			defaultConfigurationIsVisible = 0;
			defaultConfigurationName = Release;
		};
		FA24660F1C0D46A70071C9BB /* Build configuration list for PBXNativeTarget "Tipper" */ = {
			isa = XCConfigurationList;
			buildConfigurations = (
				FA2466101C0D46A70071C9BB /* Debug */,
				FA2466111C0D46A70071C9BB /* Release */,
			);
			defaultConfigurationIsVisible = 0;
			defaultConfigurationName = Release;
		};
/* End XCConfigurationList section */
	};
	rootObject = FA2465F51C0D46A70071C9BB /* Project object */;
}
